// !$*UTF8*$!
{
	archiveVersion = 1;
	classes = {
	};
	objectVersion = 46;
	objects = {

/* Begin PBXBuildFile section */
		3D4928791B42F6FD00CD35F4 /* MenuCell.swift in Sources */ = {isa = PBXBuildFile; fileRef = 3D4928701B42F6FD00CD35F4 /* MenuCell.swift */; };
		3D49287A1B42F6FD00CD35F4 /* PageCell.swift in Sources */ = {isa = PBXBuildFile; fileRef = 3D4928711B42F6FD00CD35F4 /* PageCell.swift */; };
		3D49287B1B42F6FD00CD35F4 /* Athkar.swift in Sources */ = {isa = PBXBuildFile; fileRef = 3D4928731B42F6FD00CD35F4 /* Athkar.swift */; };
		3D49287C1B42F6FD00CD35F4 /* MenuItem.swift in Sources */ = {isa = PBXBuildFile; fileRef = 3D4928741B42F6FD00CD35F4 /* MenuItem.swift */; };
		3D49287D1B42F6FD00CD35F4 /* MainViewController.swift in Sources */ = {isa = PBXBuildFile; fileRef = 3D4928761B42F6FD00CD35F4 /* MainViewController.swift */; };
		3D49287E1B42F6FD00CD35F4 /* PageViewerViewController.swift in Sources */ = {isa = PBXBuildFile; fileRef = 3D4928771B42F6FD00CD35F4 /* PageViewerViewController.swift */; };
		3D49287F1B42F6FD00CD35F4 /* PresentViewController.swift in Sources */ = {isa = PBXBuildFile; fileRef = 3D4928781B42F6FD00CD35F4 /* PresentViewController.swift */; };
		3D8776731B3D750B00784F27 /* AppDelegate.swift in Sources */ = {isa = PBXBuildFile; fileRef = 3D8776721B3D750B00784F27 /* AppDelegate.swift */; };
		3D8776781B3D750B00784F27 /* Main.storyboard in Resources */ = {isa = PBXBuildFile; fileRef = 3D8776761B3D750B00784F27 /* Main.storyboard */; };
		3D87767A1B3D750B00784F27 /* Images.xcassets in Resources */ = {isa = PBXBuildFile; fileRef = 3D8776791B3D750B00784F27 /* Images.xcassets */; };
		3D87767D1B3D750B00784F27 /* LaunchScreen.xib in Resources */ = {isa = PBXBuildFile; fileRef = 3D87767B1B3D750B00784F27 /* LaunchScreen.xib */; };
		3D8776891B3D750C00784F27 /* AthkarTests.swift in Sources */ = {isa = PBXBuildFile; fileRef = 3D8776881B3D750C00784F27 /* AthkarTests.swift */; };
		3D8777361B3D7F0700784F27 /* AthkarList.plist in Resources */ = {isa = PBXBuildFile; fileRef = 3D8777011B3D7F0700784F27 /* AthkarList.plist */; };
		3D8777371B3D7F0700784F27 /* AthkarList2.plist in Resources */ = {isa = PBXBuildFile; fileRef = 3D8777021B3D7F0700784F27 /* AthkarList2.plist */; };
		3D8777381B3D7F0700784F27 /* AthkarMenu.plist in Resources */ = {isa = PBXBuildFile; fileRef = 3D8777031B3D7F0700784F27 /* AthkarMenu.plist */; };
		3D8777391B3D7F0700784F27 /* 1.mp3 in Resources */ = {isa = PBXBuildFile; fileRef = 3D8777051B3D7F0700784F27 /* 1.mp3 */; };
		3D87773A1B3D7F0700784F27 /* 10.mp3 in Resources */ = {isa = PBXBuildFile; fileRef = 3D8777061B3D7F0700784F27 /* 10.mp3 */; };
		3D87773B1B3D7F0700784F27 /* 10n.mp3 in Resources */ = {isa = PBXBuildFile; fileRef = 3D8777071B3D7F0700784F27 /* 10n.mp3 */; };
		3D87773C1B3D7F0700784F27 /* 11.mp3 in Resources */ = {isa = PBXBuildFile; fileRef = 3D8777081B3D7F0700784F27 /* 11.mp3 */; };
		3D87773D1B3D7F0700784F27 /* 11n.mp3 in Resources */ = {isa = PBXBuildFile; fileRef = 3D8777091B3D7F0700784F27 /* 11n.mp3 */; };
		3D87773E1B3D7F0700784F27 /* 12.mp3 in Resources */ = {isa = PBXBuildFile; fileRef = 3D87770A1B3D7F0700784F27 /* 12.mp3 */; };
		3D87773F1B3D7F0700784F27 /* 12n.mp3 in Resources */ = {isa = PBXBuildFile; fileRef = 3D87770B1B3D7F0700784F27 /* 12n.mp3 */; };
		3D8777401B3D7F0700784F27 /* 13.mp3 in Resources */ = {isa = PBXBuildFile; fileRef = 3D87770C1B3D7F0700784F27 /* 13.mp3 */; };
		3D8777411B3D7F0700784F27 /* 13n.mp3 in Resources */ = {isa = PBXBuildFile; fileRef = 3D87770D1B3D7F0700784F27 /* 13n.mp3 */; };
		3D8777421B3D7F0700784F27 /* 14.mp3 in Resources */ = {isa = PBXBuildFile; fileRef = 3D87770E1B3D7F0700784F27 /* 14.mp3 */; };
		3D8777431B3D7F0700784F27 /* 14n.mp3 in Resources */ = {isa = PBXBuildFile; fileRef = 3D87770F1B3D7F0700784F27 /* 14n.mp3 */; };
		3D8777441B3D7F0700784F27 /* 15.mp3 in Resources */ = {isa = PBXBuildFile; fileRef = 3D8777101B3D7F0700784F27 /* 15.mp3 */; };
		3D8777451B3D7F0700784F27 /* 16.mp3 in Resources */ = {isa = PBXBuildFile; fileRef = 3D8777111B3D7F0700784F27 /* 16.mp3 */; };
		3D8777461B3D7F0700784F27 /* 17.mp3 in Resources */ = {isa = PBXBuildFile; fileRef = 3D8777121B3D7F0700784F27 /* 17.mp3 */; };
		3D8777471B3D7F0700784F27 /* 18.mp3 in Resources */ = {isa = PBXBuildFile; fileRef = 3D8777131B3D7F0700784F27 /* 18.mp3 */; };
		3D8777481B3D7F0700784F27 /* 18s.mp3 in Resources */ = {isa = PBXBuildFile; fileRef = 3D8777141B3D7F0700784F27 /* 18s.mp3 */; };
		3D8777491B3D7F0700784F27 /* 19.mp3 in Resources */ = {isa = PBXBuildFile; fileRef = 3D8777151B3D7F0700784F27 /* 19.mp3 */; };
		3D87774A1B3D7F0700784F27 /* 19s.mp3 in Resources */ = {isa = PBXBuildFile; fileRef = 3D8777161B3D7F0700784F27 /* 19s.mp3 */; };
		3D87774B1B3D7F0700784F27 /* 1s.mp3 in Resources */ = {isa = PBXBuildFile; fileRef = 3D8777171B3D7F0700784F27 /* 1s.mp3 */; };
		3D87774C1B3D7F0700784F27 /* 2.mp3 in Resources */ = {isa = PBXBuildFile; fileRef = 3D8777181B3D7F0700784F27 /* 2.mp3 */; };
		3D87774D1B3D7F0700784F27 /* 20.mp3 in Resources */ = {isa = PBXBuildFile; fileRef = 3D8777191B3D7F0700784F27 /* 20.mp3 */; };
		3D87774E1B3D7F0700784F27 /* 21.mp3 in Resources */ = {isa = PBXBuildFile; fileRef = 3D87771A1B3D7F0700784F27 /* 21.mp3 */; };
		3D87774F1B3D7F0700784F27 /* 22.mp3 in Resources */ = {isa = PBXBuildFile; fileRef = 3D87771B1B3D7F0700784F27 /* 22.mp3 */; };
		3D8777501B3D7F0700784F27 /* 22s.mp3 in Resources */ = {isa = PBXBuildFile; fileRef = 3D87771C1B3D7F0700784F27 /* 22s.mp3 */; };
		3D8777511B3D7F0700784F27 /* 23.mp3 in Resources */ = {isa = PBXBuildFile; fileRef = 3D87771D1B3D7F0700784F27 /* 23.mp3 */; };
		3D8777521B3D7F0700784F27 /* 23s.mp3 in Resources */ = {isa = PBXBuildFile; fileRef = 3D87771E1B3D7F0700784F27 /* 23s.mp3 */; };
		3D8777531B3D7F0700784F27 /* 24s.mp3 in Resources */ = {isa = PBXBuildFile; fileRef = 3D87771F1B3D7F0700784F27 /* 24s.mp3 */; };
		3D8777541B3D7F0700784F27 /* 25s.mp3 in Resources */ = {isa = PBXBuildFile; fileRef = 3D8777201B3D7F0700784F27 /* 25s.mp3 */; };
		3D8777551B3D7F0700784F27 /* 2n.mp3 in Resources */ = {isa = PBXBuildFile; fileRef = 3D8777211B3D7F0700784F27 /* 2n.mp3 */; };
		3D8777561B3D7F0700784F27 /* 3.mp3 in Resources */ = {isa = PBXBuildFile; fileRef = 3D8777221B3D7F0700784F27 /* 3.mp3 */; };
		3D8777571B3D7F0700784F27 /* 3n.mp3 in Resources */ = {isa = PBXBuildFile; fileRef = 3D8777231B3D7F0700784F27 /* 3n.mp3 */; };
		3D8777581B3D7F0700784F27 /* 4.mp3 in Resources */ = {isa = PBXBuildFile; fileRef = 3D8777241B3D7F0700784F27 /* 4.mp3 */; };
		3D8777591B3D7F0700784F27 /* 5.mp3 in Resources */ = {isa = PBXBuildFile; fileRef = 3D8777251B3D7F0700784F27 /* 5.mp3 */; };
		3D87775A1B3D7F0700784F27 /* 5s.mp3 in Resources */ = {isa = PBXBuildFile; fileRef = 3D8777261B3D7F0700784F27 /* 5s.mp3 */; };
		3D87775B1B3D7F0700784F27 /* 6.mp3 in Resources */ = {isa = PBXBuildFile; fileRef = 3D8777271B3D7F0700784F27 /* 6.mp3 */; };
		3D87775C1B3D7F0700784F27 /* 6s.mp3 in Resources */ = {isa = PBXBuildFile; fileRef = 3D8777281B3D7F0700784F27 /* 6s.mp3 */; };
		3D87775D1B3D7F0700784F27 /* 7.mp3 in Resources */ = {isa = PBXBuildFile; fileRef = 3D8777291B3D7F0700784F27 /* 7.mp3 */; };
		3D87775E1B3D7F0700784F27 /* 7n.mp3 in Resources */ = {isa = PBXBuildFile; fileRef = 3D87772A1B3D7F0700784F27 /* 7n.mp3 */; };
		3D87775F1B3D7F0700784F27 /* 8.mp3 in Resources */ = {isa = PBXBuildFile; fileRef = 3D87772B1B3D7F0700784F27 /* 8.mp3 */; };
		3D8777601B3D7F0700784F27 /* 8n.mp3 in Resources */ = {isa = PBXBuildFile; fileRef = 3D87772C1B3D7F0700784F27 /* 8n.mp3 */; };
		3D8777611B3D7F0700784F27 /* 8s.mp3 in Resources */ = {isa = PBXBuildFile; fileRef = 3D87772D1B3D7F0700784F27 /* 8s.mp3 */; };
		3D8777621B3D7F0700784F27 /* 9.mp3 in Resources */ = {isa = PBXBuildFile; fileRef = 3D87772E1B3D7F0700784F27 /* 9.mp3 */; };
		3D8777631B3D7F0700784F27 /* 9n.mp3 in Resources */ = {isa = PBXBuildFile; fileRef = 3D87772F1B3D7F0700784F27 /* 9n.mp3 */; };
		3D8777641B3D7F0700784F27 /* 9s.mp3 in Resources */ = {isa = PBXBuildFile; fileRef = 3D8777301B3D7F0700784F27 /* 9s.mp3 */; };
		3D8777651B3D7F0700784F27 /* athkar1.mp3 in Resources */ = {isa = PBXBuildFile; fileRef = 3D8777311B3D7F0700784F27 /* athkar1.mp3 */; };
		3D8777661B3D7F0700784F27 /* Bird.mp3 in Resources */ = {isa = PBXBuildFile; fileRef = 3D8777321B3D7F0700784F27 /* Bird.mp3 */; };
		3D8777671B3D7F0700784F27 /* Nature.mp3 in Resources */ = {isa = PBXBuildFile; fileRef = 3D8777331B3D7F0700784F27 /* Nature.mp3 */; };
		3D8777681B3D7F0700784F27 /* Night.mp3 in Resources */ = {isa = PBXBuildFile; fileRef = 3D8777341B3D7F0700784F27 /* Night.mp3 */; };
		3D8777691B3D7F0700784F27 /* travel.mp3 in Resources */ = {isa = PBXBuildFile; fileRef = 3D8777351B3D7F0700784F27 /* travel.mp3 */; };
		3D8777881B3F6A8700784F27 /* UIColorExtension.swift in Sources */ = {isa = PBXBuildFile; fileRef = 3D8777871B3F6A8700784F27 /* UIColorExtension.swift */; };
/* End PBXBuildFile section */

/* Begin PBXContainerItemProxy section */
		3D8776831B3D750C00784F27 /* PBXContainerItemProxy */ = {
			isa = PBXContainerItemProxy;
			containerPortal = 3D8776651B3D750B00784F27 /* Project object */;
			proxyType = 1;
			remoteGlobalIDString = 3D87766C1B3D750B00784F27;
			remoteInfo = Athkar;
		};
/* End PBXContainerItemProxy section */

/* Begin PBXFileReference section */
		3D4928701B42F6FD00CD35F4 /* MenuCell.swift */ = {isa = PBXFileReference; fileEncoding = 4; lastKnownFileType = sourcecode.swift; path = MenuCell.swift; sourceTree = "<group>"; };
		3D4928711B42F6FD00CD35F4 /* PageCell.swift */ = {isa = PBXFileReference; fileEncoding = 4; lastKnownFileType = sourcecode.swift; path = PageCell.swift; sourceTree = "<group>"; };
		3D4928731B42F6FD00CD35F4 /* Athkar.swift */ = {isa = PBXFileReference; fileEncoding = 4; lastKnownFileType = sourcecode.swift; path = Athkar.swift; sourceTree = "<group>"; };
		3D4928741B42F6FD00CD35F4 /* MenuItem.swift */ = {isa = PBXFileReference; fileEncoding = 4; lastKnownFileType = sourcecode.swift; path = MenuItem.swift; sourceTree = "<group>"; };
		3D4928761B42F6FD00CD35F4 /* MainViewController.swift */ = {isa = PBXFileReference; fileEncoding = 4; lastKnownFileType = sourcecode.swift; path = MainViewController.swift; sourceTree = "<group>"; };
		3D4928771B42F6FD00CD35F4 /* PageViewerViewController.swift */ = {isa = PBXFileReference; fileEncoding = 4; lastKnownFileType = sourcecode.swift; path = PageViewerViewController.swift; sourceTree = "<group>"; };
		3D4928781B42F6FD00CD35F4 /* PresentViewController.swift */ = {isa = PBXFileReference; fileEncoding = 4; lastKnownFileType = sourcecode.swift; path = PresentViewController.swift; sourceTree = "<group>"; };
		3D87766D1B3D750B00784F27 /* Athkar.app */ = {isa = PBXFileReference; explicitFileType = wrapper.application; includeInIndex = 0; path = Athkar.app; sourceTree = BUILT_PRODUCTS_DIR; };
		3D8776711B3D750B00784F27 /* Info.plist */ = {isa = PBXFileReference; lastKnownFileType = text.plist.xml; path = Info.plist; sourceTree = "<group>"; };
		3D8776721B3D750B00784F27 /* AppDelegate.swift */ = {isa = PBXFileReference; lastKnownFileType = sourcecode.swift; path = AppDelegate.swift; sourceTree = "<group>"; };
		3D8776771B3D750B00784F27 /* Base */ = {isa = PBXFileReference; lastKnownFileType = file.storyboard; name = Base; path = Base.lproj/Main.storyboard; sourceTree = "<group>"; };
		3D8776791B3D750B00784F27 /* Images.xcassets */ = {isa = PBXFileReference; lastKnownFileType = folder.assetcatalog; path = Images.xcassets; sourceTree = "<group>"; };
		3D87767C1B3D750B00784F27 /* Base */ = {isa = PBXFileReference; lastKnownFileType = file.xib; name = Base; path = Base.lproj/LaunchScreen.xib; sourceTree = "<group>"; };
		3D8776821B3D750C00784F27 /* AthkarTests.xctest */ = {isa = PBXFileReference; explicitFileType = wrapper.cfbundle; includeInIndex = 0; path = AthkarTests.xctest; sourceTree = BUILT_PRODUCTS_DIR; };
		3D8776871B3D750C00784F27 /* Info.plist */ = {isa = PBXFileReference; lastKnownFileType = text.plist.xml; path = Info.plist; sourceTree = "<group>"; };
		3D8776881B3D750C00784F27 /* AthkarTests.swift */ = {isa = PBXFileReference; lastKnownFileType = sourcecode.swift; path = AthkarTests.swift; sourceTree = "<group>"; };
		3D8777011B3D7F0700784F27 /* AthkarList.plist */ = {isa = PBXFileReference; lastKnownFileType = file.bplist; path = AthkarList.plist; sourceTree = "<group>"; };
		3D8777021B3D7F0700784F27 /* AthkarList2.plist */ = {isa = PBXFileReference; lastKnownFileType = file.bplist; path = AthkarList2.plist; sourceTree = "<group>"; };
		3D8777031B3D7F0700784F27 /* AthkarMenu.plist */ = {isa = PBXFileReference; lastKnownFileType = file.bplist; path = AthkarMenu.plist; sourceTree = "<group>"; };
		3D8777051B3D7F0700784F27 /* 1.mp3 */ = {isa = PBXFileReference; lastKnownFileType = audio.mp3; path = 1.mp3; sourceTree = "<group>"; };
		3D8777061B3D7F0700784F27 /* 10.mp3 */ = {isa = PBXFileReference; lastKnownFileType = audio.mp3; path = 10.mp3; sourceTree = "<group>"; };
		3D8777071B3D7F0700784F27 /* 10n.mp3 */ = {isa = PBXFileReference; lastKnownFileType = audio.mp3; path = 10n.mp3; sourceTree = "<group>"; };
		3D8777081B3D7F0700784F27 /* 11.mp3 */ = {isa = PBXFileReference; lastKnownFileType = audio.mp3; path = 11.mp3; sourceTree = "<group>"; };
		3D8777091B3D7F0700784F27 /* 11n.mp3 */ = {isa = PBXFileReference; lastKnownFileType = audio.mp3; path = 11n.mp3; sourceTree = "<group>"; };
		3D87770A1B3D7F0700784F27 /* 12.mp3 */ = {isa = PBXFileReference; lastKnownFileType = audio.mp3; path = 12.mp3; sourceTree = "<group>"; };
		3D87770B1B3D7F0700784F27 /* 12n.mp3 */ = {isa = PBXFileReference; lastKnownFileType = audio.mp3; path = 12n.mp3; sourceTree = "<group>"; };
		3D87770C1B3D7F0700784F27 /* 13.mp3 */ = {isa = PBXFileReference; lastKnownFileType = audio.mp3; path = 13.mp3; sourceTree = "<group>"; };
		3D87770D1B3D7F0700784F27 /* 13n.mp3 */ = {isa = PBXFileReference; lastKnownFileType = audio.mp3; path = 13n.mp3; sourceTree = "<group>"; };
		3D87770E1B3D7F0700784F27 /* 14.mp3 */ = {isa = PBXFileReference; lastKnownFileType = audio.mp3; path = 14.mp3; sourceTree = "<group>"; };
		3D87770F1B3D7F0700784F27 /* 14n.mp3 */ = {isa = PBXFileReference; lastKnownFileType = audio.mp3; path = 14n.mp3; sourceTree = "<group>"; };
		3D8777101B3D7F0700784F27 /* 15.mp3 */ = {isa = PBXFileReference; lastKnownFileType = audio.mp3; path = 15.mp3; sourceTree = "<group>"; };
		3D8777111B3D7F0700784F27 /* 16.mp3 */ = {isa = PBXFileReference; lastKnownFileType = audio.mp3; path = 16.mp3; sourceTree = "<group>"; };
		3D8777121B3D7F0700784F27 /* 17.mp3 */ = {isa = PBXFileReference; lastKnownFileType = audio.mp3; path = 17.mp3; sourceTree = "<group>"; };
		3D8777131B3D7F0700784F27 /* 18.mp3 */ = {isa = PBXFileReference; lastKnownFileType = audio.mp3; path = 18.mp3; sourceTree = "<group>"; };
		3D8777141B3D7F0700784F27 /* 18s.mp3 */ = {isa = PBXFileReference; lastKnownFileType = audio.mp3; path = 18s.mp3; sourceTree = "<group>"; };
		3D8777151B3D7F0700784F27 /* 19.mp3 */ = {isa = PBXFileReference; lastKnownFileType = audio.mp3; path = 19.mp3; sourceTree = "<group>"; };
		3D8777161B3D7F0700784F27 /* 19s.mp3 */ = {isa = PBXFileReference; lastKnownFileType = audio.mp3; path = 19s.mp3; sourceTree = "<group>"; };
		3D8777171B3D7F0700784F27 /* 1s.mp3 */ = {isa = PBXFileReference; lastKnownFileType = audio.mp3; path = 1s.mp3; sourceTree = "<group>"; };
		3D8777181B3D7F0700784F27 /* 2.mp3 */ = {isa = PBXFileReference; lastKnownFileType = audio.mp3; path = 2.mp3; sourceTree = "<group>"; };
		3D8777191B3D7F0700784F27 /* 20.mp3 */ = {isa = PBXFileReference; lastKnownFileType = audio.mp3; path = 20.mp3; sourceTree = "<group>"; };
		3D87771A1B3D7F0700784F27 /* 21.mp3 */ = {isa = PBXFileReference; lastKnownFileType = audio.mp3; path = 21.mp3; sourceTree = "<group>"; };
		3D87771B1B3D7F0700784F27 /* 22.mp3 */ = {isa = PBXFileReference; lastKnownFileType = audio.mp3; path = 22.mp3; sourceTree = "<group>"; };
		3D87771C1B3D7F0700784F27 /* 22s.mp3 */ = {isa = PBXFileReference; lastKnownFileType = audio.mp3; path = 22s.mp3; sourceTree = "<group>"; };
		3D87771D1B3D7F0700784F27 /* 23.mp3 */ = {isa = PBXFileReference; lastKnownFileType = audio.mp3; path = 23.mp3; sourceTree = "<group>"; };
		3D87771E1B3D7F0700784F27 /* 23s.mp3 */ = {isa = PBXFileReference; lastKnownFileType = audio.mp3; path = 23s.mp3; sourceTree = "<group>"; };
		3D87771F1B3D7F0700784F27 /* 24s.mp3 */ = {isa = PBXFileReference; lastKnownFileType = audio.mp3; path = 24s.mp3; sourceTree = "<group>"; };
		3D8777201B3D7F0700784F27 /* 25s.mp3 */ = {isa = PBXFileReference; lastKnownFileType = audio.mp3; path = 25s.mp3; sourceTree = "<group>"; };
		3D8777211B3D7F0700784F27 /* 2n.mp3 */ = {isa = PBXFileReference; lastKnownFileType = audio.mp3; path = 2n.mp3; sourceTree = "<group>"; };
		3D8777221B3D7F0700784F27 /* 3.mp3 */ = {isa = PBXFileReference; lastKnownFileType = audio.mp3; path = 3.mp3; sourceTree = "<group>"; };
		3D8777231B3D7F0700784F27 /* 3n.mp3 */ = {isa = PBXFileReference; lastKnownFileType = audio.mp3; path = 3n.mp3; sourceTree = "<group>"; };
		3D8777241B3D7F0700784F27 /* 4.mp3 */ = {isa = PBXFileReference; lastKnownFileType = audio.mp3; path = 4.mp3; sourceTree = "<group>"; };
		3D8777251B3D7F0700784F27 /* 5.mp3 */ = {isa = PBXFileReference; lastKnownFileType = audio.mp3; path = 5.mp3; sourceTree = "<group>"; };
		3D8777261B3D7F0700784F27 /* 5s.mp3 */ = {isa = PBXFileReference; lastKnownFileType = audio.mp3; path = 5s.mp3; sourceTree = "<group>"; };
		3D8777271B3D7F0700784F27 /* 6.mp3 */ = {isa = PBXFileReference; lastKnownFileType = audio.mp3; path = 6.mp3; sourceTree = "<group>"; };
		3D8777281B3D7F0700784F27 /* 6s.mp3 */ = {isa = PBXFileReference; lastKnownFileType = audio.mp3; path = 6s.mp3; sourceTree = "<group>"; };
		3D8777291B3D7F0700784F27 /* 7.mp3 */ = {isa = PBXFileReference; lastKnownFileType = audio.mp3; path = 7.mp3; sourceTree = "<group>"; };
		3D87772A1B3D7F0700784F27 /* 7n.mp3 */ = {isa = PBXFileReference; lastKnownFileType = audio.mp3; path = 7n.mp3; sourceTree = "<group>"; };
		3D87772B1B3D7F0700784F27 /* 8.mp3 */ = {isa = PBXFileReference; lastKnownFileType = audio.mp3; path = 8.mp3; sourceTree = "<group>"; };
		3D87772C1B3D7F0700784F27 /* 8n.mp3 */ = {isa = PBXFileReference; lastKnownFileType = audio.mp3; path = 8n.mp3; sourceTree = "<group>"; };
		3D87772D1B3D7F0700784F27 /* 8s.mp3 */ = {isa = PBXFileReference; lastKnownFileType = audio.mp3; path = 8s.mp3; sourceTree = "<group>"; };
		3D87772E1B3D7F0700784F27 /* 9.mp3 */ = {isa = PBXFileReference; lastKnownFileType = audio.mp3; path = 9.mp3; sourceTree = "<group>"; };
		3D87772F1B3D7F0700784F27 /* 9n.mp3 */ = {isa = PBXFileReference; lastKnownFileType = audio.mp3; path = 9n.mp3; sourceTree = "<group>"; };
		3D8777301B3D7F0700784F27 /* 9s.mp3 */ = {isa = PBXFileReference; lastKnownFileType = audio.mp3; path = 9s.mp3; sourceTree = "<group>"; };
		3D8777311B3D7F0700784F27 /* athkar1.mp3 */ = {isa = PBXFileReference; lastKnownFileType = audio.mp3; path = athkar1.mp3; sourceTree = "<group>"; };
		3D8777321B3D7F0700784F27 /* Bird.mp3 */ = {isa = PBXFileReference; lastKnownFileType = audio.mp3; path = Bird.mp3; sourceTree = "<group>"; };
		3D8777331B3D7F0700784F27 /* Nature.mp3 */ = {isa = PBXFileReference; lastKnownFileType = audio.mp3; path = Nature.mp3; sourceTree = "<group>"; };
		3D8777341B3D7F0700784F27 /* Night.mp3 */ = {isa = PBXFileReference; lastKnownFileType = audio.mp3; path = Night.mp3; sourceTree = "<group>"; };
		3D8777351B3D7F0700784F27 /* travel.mp3 */ = {isa = PBXFileReference; lastKnownFileType = audio.mp3; path = travel.mp3; sourceTree = "<group>"; };
		3D8777751B3DE8BD00784F27 /* DroidKufi-Bold.ttf */ = {isa = PBXFileReference; lastKnownFileType = file; path = "DroidKufi-Bold.ttf"; sourceTree = "<group>"; };
		3D8777761B3DE8BD00784F27 /* DroidKufi-Regular.ttf */ = {isa = PBXFileReference; lastKnownFileType = file; path = "DroidKufi-Regular.ttf"; sourceTree = "<group>"; };
		3D8777871B3F6A8700784F27 /* UIColorExtension.swift */ = {isa = PBXFileReference; fileEncoding = 4; lastKnownFileType = sourcecode.swift; path = UIColorExtension.swift; sourceTree = "<group>"; };
/* End PBXFileReference section */

/* Begin PBXFrameworksBuildPhase section */
		3D87766A1B3D750B00784F27 /* Frameworks */ = {
			isa = PBXFrameworksBuildPhase;
			buildActionMask = 2147483647;
			files = (
			);
			runOnlyForDeploymentPostprocessing = 0;
		};
		3D87767F1B3D750C00784F27 /* Frameworks */ = {
			isa = PBXFrameworksBuildPhase;
			buildActionMask = 2147483647;
			files = (
			);
			runOnlyForDeploymentPostprocessing = 0;
		};
/* End PBXFrameworksBuildPhase section */

/* Begin PBXGroup section */
		3D49286F1B42F6FD00CD35F4 /* Cells */ = {
			isa = PBXGroup;
			children = (
				3D4928701B42F6FD00CD35F4 /* MenuCell.swift */,
				3D4928711B42F6FD00CD35F4 /* PageCell.swift */,
			);
			path = Cells;
			sourceTree = "<group>";
		};
		3D4928721B42F6FD00CD35F4 /* Models */ = {
			isa = PBXGroup;
			children = (
				3D4928731B42F6FD00CD35F4 /* Athkar.swift */,
				3D4928741B42F6FD00CD35F4 /* MenuItem.swift */,
			);
			path = Models;
			sourceTree = "<group>";
		};
		3D4928751B42F6FD00CD35F4 /* ViewController */ = {
			isa = PBXGroup;
			children = (
				3D4928761B42F6FD00CD35F4 /* MainViewController.swift */,
				3D4928771B42F6FD00CD35F4 /* PageViewerViewController.swift */,
				3D4928781B42F6FD00CD35F4 /* PresentViewController.swift */,
			);
			path = ViewController;
			sourceTree = "<group>";
		};
		3D8776641B3D750B00784F27 = {
			isa = PBXGroup;
			children = (
				3D87766F1B3D750B00784F27 /* Athkar */,
				3D8776851B3D750C00784F27 /* AthkarTests */,
				3D87766E1B3D750B00784F27 /* Products */,
			);
			sourceTree = "<group>";
		};
		3D87766E1B3D750B00784F27 /* Products */ = {
			isa = PBXGroup;
			children = (
				3D87766D1B3D750B00784F27 /* Athkar.app */,
				3D8776821B3D750C00784F27 /* AthkarTests.xctest */,
			);
			name = Products;
			sourceTree = "<group>";
		};
		3D87766F1B3D750B00784F27 /* Athkar */ = {
			isa = PBXGroup;
			children = (
				3D8776721B3D750B00784F27 /* AppDelegate.swift */,
				3D8777041B3D7F0700784F27 /* Sounds */,
				3D8777001B3D7F0700784F27 /* DataContent */,
				3D49286F1B42F6FD00CD35F4 /* Cells */,
				3D4928721B42F6FD00CD35F4 /* Models */,
				3D4928751B42F6FD00CD35F4 /* ViewController */,
				3D8776761B3D750B00784F27 /* Main.storyboard */,
				3D8776791B3D750B00784F27 /* Images.xcassets */,
				3D87767B1B3D750B00784F27 /* LaunchScreen.xib */,
				3D8776701B3D750B00784F27 /* Supporting Files */,
				3D8777871B3F6A8700784F27 /* UIColorExtension.swift */,
			);
			path = Athkar;
			sourceTree = "<group>";
		};
		3D8776701B3D750B00784F27 /* Supporting Files */ = {
			isa = PBXGroup;
			children = (
				3D8776711B3D750B00784F27 /* Info.plist */,
			);
			name = "Supporting Files";
			sourceTree = "<group>";
		};
		3D8776851B3D750C00784F27 /* AthkarTests */ = {
			isa = PBXGroup;
			children = (
				3D8776881B3D750C00784F27 /* AthkarTests.swift */,
				3D8776861B3D750C00784F27 /* Supporting Files */,
			);
			path = AthkarTests;
			sourceTree = "<group>";
		};
		3D8776861B3D750C00784F27 /* Supporting Files */ = {
			isa = PBXGroup;
			children = (
				3D8777751B3DE8BD00784F27 /* DroidKufi-Bold.ttf */,
				3D8777761B3DE8BD00784F27 /* DroidKufi-Regular.ttf */,
				3D8776871B3D750C00784F27 /* Info.plist */,
			);
			name = "Supporting Files";
			sourceTree = "<group>";
		};
		3D8777001B3D7F0700784F27 /* DataContent */ = {
			isa = PBXGroup;
			children = (
				3D8777011B3D7F0700784F27 /* AthkarList.plist */,
				3D8777021B3D7F0700784F27 /* AthkarList2.plist */,
				3D8777031B3D7F0700784F27 /* AthkarMenu.plist */,
			);
			path = DataContent;
			sourceTree = "<group>";
		};
		3D8777041B3D7F0700784F27 /* Sounds */ = {
			isa = PBXGroup;
			children = (
				3D8777051B3D7F0700784F27 /* 1.mp3 */,
				3D8777061B3D7F0700784F27 /* 10.mp3 */,
				3D8777071B3D7F0700784F27 /* 10n.mp3 */,
				3D8777081B3D7F0700784F27 /* 11.mp3 */,
				3D8777091B3D7F0700784F27 /* 11n.mp3 */,
				3D87770A1B3D7F0700784F27 /* 12.mp3 */,
				3D87770B1B3D7F0700784F27 /* 12n.mp3 */,
				3D87770C1B3D7F0700784F27 /* 13.mp3 */,
				3D87770D1B3D7F0700784F27 /* 13n.mp3 */,
				3D87770E1B3D7F0700784F27 /* 14.mp3 */,
				3D87770F1B3D7F0700784F27 /* 14n.mp3 */,
				3D8777101B3D7F0700784F27 /* 15.mp3 */,
				3D8777111B3D7F0700784F27 /* 16.mp3 */,
				3D8777121B3D7F0700784F27 /* 17.mp3 */,
				3D8777131B3D7F0700784F27 /* 18.mp3 */,
				3D8777141B3D7F0700784F27 /* 18s.mp3 */,
				3D8777151B3D7F0700784F27 /* 19.mp3 */,
				3D8777161B3D7F0700784F27 /* 19s.mp3 */,
				3D8777171B3D7F0700784F27 /* 1s.mp3 */,
				3D8777181B3D7F0700784F27 /* 2.mp3 */,
				3D8777191B3D7F0700784F27 /* 20.mp3 */,
				3D87771A1B3D7F0700784F27 /* 21.mp3 */,
				3D87771B1B3D7F0700784F27 /* 22.mp3 */,
				3D87771C1B3D7F0700784F27 /* 22s.mp3 */,
				3D87771D1B3D7F0700784F27 /* 23.mp3 */,
				3D87771E1B3D7F0700784F27 /* 23s.mp3 */,
				3D87771F1B3D7F0700784F27 /* 24s.mp3 */,
				3D8777201B3D7F0700784F27 /* 25s.mp3 */,
				3D8777211B3D7F0700784F27 /* 2n.mp3 */,
				3D8777221B3D7F0700784F27 /* 3.mp3 */,
				3D8777231B3D7F0700784F27 /* 3n.mp3 */,
				3D8777241B3D7F0700784F27 /* 4.mp3 */,
				3D8777251B3D7F0700784F27 /* 5.mp3 */,
				3D8777261B3D7F0700784F27 /* 5s.mp3 */,
				3D8777271B3D7F0700784F27 /* 6.mp3 */,
				3D8777281B3D7F0700784F27 /* 6s.mp3 */,
				3D8777291B3D7F0700784F27 /* 7.mp3 */,
				3D87772A1B3D7F0700784F27 /* 7n.mp3 */,
				3D87772B1B3D7F0700784F27 /* 8.mp3 */,
				3D87772C1B3D7F0700784F27 /* 8n.mp3 */,
				3D87772D1B3D7F0700784F27 /* 8s.mp3 */,
				3D87772E1B3D7F0700784F27 /* 9.mp3 */,
				3D87772F1B3D7F0700784F27 /* 9n.mp3 */,
				3D8777301B3D7F0700784F27 /* 9s.mp3 */,
				3D8777311B3D7F0700784F27 /* athkar1.mp3 */,
				3D8777321B3D7F0700784F27 /* Bird.mp3 */,
				3D8777331B3D7F0700784F27 /* Nature.mp3 */,
				3D8777341B3D7F0700784F27 /* Night.mp3 */,
				3D8777351B3D7F0700784F27 /* travel.mp3 */,
			);
			path = Sounds;
			sourceTree = "<group>";
		};
/* End PBXGroup section */

/* Begin PBXNativeTarget section */
		3D87766C1B3D750B00784F27 /* Athkar */ = {
			isa = PBXNativeTarget;
			buildConfigurationList = 3D87768C1B3D750C00784F27 /* Build configuration list for PBXNativeTarget "Athkar" */;
			buildPhases = (
				3D8776691B3D750B00784F27 /* Sources */,
				3D87766A1B3D750B00784F27 /* Frameworks */,
				3D87766B1B3D750B00784F27 /* Resources */,
			);
			buildRules = (
			);
			dependencies = (
			);
			name = Athkar;
			productName = Athkar;
			productReference = 3D87766D1B3D750B00784F27 /* Athkar.app */;
			productType = "com.apple.product-type.application";
		};
		3D8776811B3D750C00784F27 /* AthkarTests */ = {
			isa = PBXNativeTarget;
			buildConfigurationList = 3D87768F1B3D750C00784F27 /* Build configuration list for PBXNativeTarget "AthkarTests" */;
			buildPhases = (
				3D87767E1B3D750C00784F27 /* Sources */,
				3D87767F1B3D750C00784F27 /* Frameworks */,
				3D8776801B3D750C00784F27 /* Resources */,
			);
			buildRules = (
			);
			dependencies = (
				3D8776841B3D750C00784F27 /* PBXTargetDependency */,
			);
			name = AthkarTests;
			productName = AthkarTests;
			productReference = 3D8776821B3D750C00784F27 /* AthkarTests.xctest */;
			productType = "com.apple.product-type.bundle.unit-test";
		};
/* End PBXNativeTarget section */

/* Begin PBXProject section */
		3D8776651B3D750B00784F27 /* Project object */ = {
			isa = PBXProject;
			attributes = {
				LastSwiftUpdateCheck = 0700;
				LastUpgradeCheck = 0630;
				ORGANIZATIONNAME = AhmedHamdy;
				TargetAttributes = {
					3D87766C1B3D750B00784F27 = {
						CreatedOnToolsVersion = 6.3.1;
					};
					3D8776811B3D750C00784F27 = {
						CreatedOnToolsVersion = 6.3.1;
						TestTargetID = 3D87766C1B3D750B00784F27;
					};
				};
			};
			buildConfigurationList = 3D8776681B3D750B00784F27 /* Build configuration list for PBXProject "Athkar" */;
			compatibilityVersion = "Xcode 3.2";
			developmentRegion = English;
			hasScannedForEncodings = 0;
			knownRegions = (
				en,
				Base,
			);
			mainGroup = 3D8776641B3D750B00784F27;
			productRefGroup = 3D87766E1B3D750B00784F27 /* Products */;
			projectDirPath = "";
			projectRoot = "";
			targets = (
				3D87766C1B3D750B00784F27 /* Athkar */,
				3D8776811B3D750C00784F27 /* AthkarTests */,
			);
		};
/* End PBXProject section */

/* Begin PBXResourcesBuildPhase section */
		3D87766B1B3D750B00784F27 /* Resources */ = {
			isa = PBXResourcesBuildPhase;
			buildActionMask = 2147483647;
			files = (
				3D8777651B3D7F0700784F27 /* athkar1.mp3 in Resources */,
				3D8777551B3D7F0700784F27 /* 2n.mp3 in Resources */,
				3D8777581B3D7F0700784F27 /* 4.mp3 in Resources */,
				3D8777461B3D7F0700784F27 /* 17.mp3 in Resources */,
				3D8777441B3D7F0700784F27 /* 15.mp3 in Resources */,
				3D87773C1B3D7F0700784F27 /* 11.mp3 in Resources */,
				3D8777541B3D7F0700784F27 /* 25s.mp3 in Resources */,
				3D8777681B3D7F0700784F27 /* Night.mp3 in Resources */,
				3D87774C1B3D7F0700784F27 /* 2.mp3 in Resources */,
				3D8776781B3D750B00784F27 /* Main.storyboard in Resources */,
				3D8777491B3D7F0700784F27 /* 19.mp3 in Resources */,
				3D87775C1B3D7F0700784F27 /* 6s.mp3 in Resources */,
				3D8777501B3D7F0700784F27 /* 22s.mp3 in Resources */,
				3D87774B1B3D7F0700784F27 /* 1s.mp3 in Resources */,
				3D8777621B3D7F0700784F27 /* 9.mp3 in Resources */,
				3D8777361B3D7F0700784F27 /* AthkarList.plist in Resources */,
				3D87775E1B3D7F0700784F27 /* 7n.mp3 in Resources */,
				3D87775D1B3D7F0700784F27 /* 7.mp3 in Resources */,
				3D87775F1B3D7F0700784F27 /* 8.mp3 in Resources */,
				3D8777411B3D7F0700784F27 /* 13n.mp3 in Resources */,
				3D8777511B3D7F0700784F27 /* 23.mp3 in Resources */,
				3D87774D1B3D7F0700784F27 /* 20.mp3 in Resources */,
				3D8777641B3D7F0700784F27 /* 9s.mp3 in Resources */,
				3D8777451B3D7F0700784F27 /* 16.mp3 in Resources */,
				3D87773F1B3D7F0700784F27 /* 12n.mp3 in Resources */,
				3D87773E1B3D7F0700784F27 /* 12.mp3 in Resources */,
				3D8777471B3D7F0700784F27 /* 18.mp3 in Resources */,
				3D8777391B3D7F0700784F27 /* 1.mp3 in Resources */,
				3D87775A1B3D7F0700784F27 /* 5s.mp3 in Resources */,
				3D87774E1B3D7F0700784F27 /* 21.mp3 in Resources */,
				3D8777671B3D7F0700784F27 /* Nature.mp3 in Resources */,
				3D8777381B3D7F0700784F27 /* AthkarMenu.plist in Resources */,
				3D8777371B3D7F0700784F27 /* AthkarList2.plist in Resources */,
				3D8777421B3D7F0700784F27 /* 14.mp3 in Resources */,
				3D87773A1B3D7F0700784F27 /* 10.mp3 in Resources */,
				3D8777431B3D7F0700784F27 /* 14n.mp3 in Resources */,
				3D87775B1B3D7F0700784F27 /* 6.mp3 in Resources */,
				3D8777691B3D7F0700784F27 /* travel.mp3 in Resources */,
				3D87773B1B3D7F0700784F27 /* 10n.mp3 in Resources */,
				3D8777591B3D7F0700784F27 /* 5.mp3 in Resources */,
				3D8777631B3D7F0700784F27 /* 9n.mp3 in Resources */,
				3D87774A1B3D7F0700784F27 /* 19s.mp3 in Resources */,
				3D8777401B3D7F0700784F27 /* 13.mp3 in Resources */,
				3D87773D1B3D7F0700784F27 /* 11n.mp3 in Resources */,
				3D8777481B3D7F0700784F27 /* 18s.mp3 in Resources */,
				3D8777561B3D7F0700784F27 /* 3.mp3 in Resources */,
				3D8777661B3D7F0700784F27 /* Bird.mp3 in Resources */,
				3D87767D1B3D750B00784F27 /* LaunchScreen.xib in Resources */,
				3D8777611B3D7F0700784F27 /* 8s.mp3 in Resources */,
				3D8777571B3D7F0700784F27 /* 3n.mp3 in Resources */,
				3D8777521B3D7F0700784F27 /* 23s.mp3 in Resources */,
				3D8777531B3D7F0700784F27 /* 24s.mp3 in Resources */,
				3D87774F1B3D7F0700784F27 /* 22.mp3 in Resources */,
				3D8777601B3D7F0700784F27 /* 8n.mp3 in Resources */,
				3D87767A1B3D750B00784F27 /* Images.xcassets in Resources */,
			);
			runOnlyForDeploymentPostprocessing = 0;
		};
		3D8776801B3D750C00784F27 /* Resources */ = {
			isa = PBXResourcesBuildPhase;
			buildActionMask = 2147483647;
			files = (
			);
			runOnlyForDeploymentPostprocessing = 0;
		};
/* End PBXResourcesBuildPhase section */

/* Begin PBXSourcesBuildPhase section */
		3D8776691B3D750B00784F27 /* Sources */ = {
			isa = PBXSourcesBuildPhase;
			buildActionMask = 2147483647;
			files = (
				3D49287D1B42F6FD00CD35F4 /* MainViewController.swift in Sources */,
				3D8776731B3D750B00784F27 /* AppDelegate.swift in Sources */,
				3D8777881B3F6A8700784F27 /* UIColorExtension.swift in Sources */,
				3D49287A1B42F6FD00CD35F4 /* PageCell.swift in Sources */,
				3D49287C1B42F6FD00CD35F4 /* MenuItem.swift in Sources */,
				3D49287F1B42F6FD00CD35F4 /* PresentViewController.swift in Sources */,
				3D4928791B42F6FD00CD35F4 /* MenuCell.swift in Sources */,
				3D49287B1B42F6FD00CD35F4 /* Athkar.swift in Sources */,
				3D49287E1B42F6FD00CD35F4 /* PageViewerViewController.swift in Sources */,
			);
			runOnlyForDeploymentPostprocessing = 0;
		};
		3D87767E1B3D750C00784F27 /* Sources */ = {
			isa = PBXSourcesBuildPhase;
			buildActionMask = 2147483647;
			files = (
				3D8776891B3D750C00784F27 /* AthkarTests.swift in Sources */,
			);
			runOnlyForDeploymentPostprocessing = 0;
		};
/* End PBXSourcesBuildPhase section */

/* Begin PBXTargetDependency section */
		3D8776841B3D750C00784F27 /* PBXTargetDependency */ = {
			isa = PBXTargetDependency;
			target = 3D87766C1B3D750B00784F27 /* Athkar */;
			targetProxy = 3D8776831B3D750C00784F27 /* PBXContainerItemProxy */;
		};
/* End PBXTargetDependency section */

/* Begin PBXVariantGroup section */
		3D8776761B3D750B00784F27 /* Main.storyboard */ = {
			isa = PBXVariantGroup;
			children = (
				3D8776771B3D750B00784F27 /* Base */,
			);
			name = Main.storyboard;
			sourceTree = "<group>";
		};
		3D87767B1B3D750B00784F27 /* LaunchScreen.xib */ = {
			isa = PBXVariantGroup;
			children = (
				3D87767C1B3D750B00784F27 /* Base */,
			);
			name = LaunchScreen.xib;
			sourceTree = "<group>";
		};
/* End PBXVariantGroup section */

/* Begin XCBuildConfiguration section */
		3D87768A1B3D750C00784F27 /* Debug */ = {
			isa = XCBuildConfiguration;
			buildSettings = {
				ALWAYS_SEARCH_USER_PATHS = NO;
				CLANG_CXX_LANGUAGE_STANDARD = "gnu++0x";
				CLANG_CXX_LIBRARY = "libc++";
				CLANG_ENABLE_MODULES = YES;
				CLANG_ENABLE_OBJC_ARC = YES;
				CLANG_WARN_BOOL_CONVERSION = YES;
				CLANG_WARN_CONSTANT_CONVERSION = YES;
				CLANG_WARN_DIRECT_OBJC_ISA_USAGE = YES_ERROR;
				CLANG_WARN_EMPTY_BODY = YES;
				CLANG_WARN_ENUM_CONVERSION = YES;
				CLANG_WARN_INT_CONVERSION = YES;
				CLANG_WARN_OBJC_ROOT_CLASS = YES_ERROR;
				CLANG_WARN_UNREACHABLE_CODE = YES;
				CLANG_WARN__DUPLICATE_METHOD_MATCH = YES;
				"CODE_SIGN_IDENTITY[sdk=iphoneos*]" = "iPhone Developer";
				COPY_PHASE_STRIP = NO;
				DEBUG_INFORMATION_FORMAT = "dwarf-with-dsym";
				ENABLE_STRICT_OBJC_MSGSEND = YES;
				GCC_C_LANGUAGE_STANDARD = gnu99;
				GCC_DYNAMIC_NO_PIC = NO;
				GCC_NO_COMMON_BLOCKS = YES;
				GCC_OPTIMIZATION_LEVEL = 0;
				GCC_PREPROCESSOR_DEFINITIONS = (
					"DEBUG=1",
					"$(inherited)",
				);
				GCC_SYMBOLS_PRIVATE_EXTERN = NO;
				GCC_WARN_64_TO_32_BIT_CONVERSION = YES;
				GCC_WARN_ABOUT_RETURN_TYPE = YES_ERROR;
				GCC_WARN_UNDECLARED_SELECTOR = YES;
				GCC_WARN_UNINITIALIZED_AUTOS = YES_AGGRESSIVE;
				GCC_WARN_UNUSED_FUNCTION = YES;
				GCC_WARN_UNUSED_VARIABLE = YES;
				IPHONEOS_DEPLOYMENT_TARGET = 8.3;
				MTL_ENABLE_DEBUG_INFO = YES;
				ONLY_ACTIVE_ARCH = YES;
				SDKROOT = iphoneos;
				SWIFT_OPTIMIZATION_LEVEL = "-Onone";
			};
			name = Debug;
		};
		3D87768B1B3D750C00784F27 /* Release */ = {
			isa = XCBuildConfiguration;
			buildSettings = {
				ALWAYS_SEARCH_USER_PATHS = NO;
				CLANG_CXX_LANGUAGE_STANDARD = "gnu++0x";
				CLANG_CXX_LIBRARY = "libc++";
				CLANG_ENABLE_MODULES = YES;
				CLANG_ENABLE_OBJC_ARC = YES;
				CLANG_WARN_BOOL_CONVERSION = YES;
				CLANG_WARN_CONSTANT_CONVERSION = YES;
				CLANG_WARN_DIRECT_OBJC_ISA_USAGE = YES_ERROR;
				CLANG_WARN_EMPTY_BODY = YES;
				CLANG_WARN_ENUM_CONVERSION = YES;
				CLANG_WARN_INT_CONVERSION = YES;
				CLANG_WARN_OBJC_ROOT_CLASS = YES_ERROR;
				CLANG_WARN_UNREACHABLE_CODE = YES;
				CLANG_WARN__DUPLICATE_METHOD_MATCH = YES;
				"CODE_SIGN_IDENTITY[sdk=iphoneos*]" = "iPhone Developer";
				COPY_PHASE_STRIP = NO;
				DEBUG_INFORMATION_FORMAT = "dwarf-with-dsym";
				ENABLE_NS_ASSERTIONS = NO;
				ENABLE_STRICT_OBJC_MSGSEND = YES;
				GCC_C_LANGUAGE_STANDARD = gnu99;
				GCC_NO_COMMON_BLOCKS = YES;
				GCC_WARN_64_TO_32_BIT_CONVERSION = YES;
				GCC_WARN_ABOUT_RETURN_TYPE = YES_ERROR;
				GCC_WARN_UNDECLARED_SELECTOR = YES;
				GCC_WARN_UNINITIALIZED_AUTOS = YES_AGGRESSIVE;
				GCC_WARN_UNUSED_FUNCTION = YES;
				GCC_WARN_UNUSED_VARIABLE = YES;
				IPHONEOS_DEPLOYMENT_TARGET = 8.3;
				MTL_ENABLE_DEBUG_INFO = NO;
				SDKROOT = iphoneos;
				VALIDATE_PRODUCT = YES;
			};
			name = Release;
		};
		3D87768D1B3D750C00784F27 /* Debug */ = {
			isa = XCBuildConfiguration;
			buildSettings = {
				ASSETCATALOG_COMPILER_APPICON_NAME = AppIcon;
				ASSETCATALOG_COMPILER_LAUNCHIMAGE_NAME = LaunchImage;
				INFOPLIST_FILE = Athkar/Info.plist;
				LD_RUNPATH_SEARCH_PATHS = "$(inherited) @executable_path/Frameworks";
				PRODUCT_NAME = "$(TARGET_NAME)";
				TARGETED_DEVICE_FAMILY = 1;
			};
			name = Debug;
		};
		3D87768E1B3D750C00784F27 /* Release */ = {
			isa = XCBuildConfiguration;
			buildSettings = {
				ASSETCATALOG_COMPILER_APPICON_NAME = AppIcon;
				ASSETCATALOG_COMPILER_LAUNCHIMAGE_NAME = LaunchImage;
				INFOPLIST_FILE = Athkar/Info.plist;
				LD_RUNPATH_SEARCH_PATHS = "$(inherited) @executable_path/Frameworks";
				PRODUCT_NAME = "$(TARGET_NAME)";
				TARGETED_DEVICE_FAMILY = 1;
			};
			name = Release;
		};
		3D8776901B3D750C00784F27 /* Debug */ = {
			isa = XCBuildConfiguration;
			buildSettings = {
				BUNDLE_LOADER = "$(TEST_HOST)";
				FRAMEWORK_SEARCH_PATHS = (
					"$(SDKROOT)/Developer/Library/Frameworks",
					"$(inherited)",
				);
				GCC_PREPROCESSOR_DEFINITIONS = (
					"DEBUG=1",
					"$(inherited)",
				);
				INFOPLIST_FILE = AthkarTests/Info.plist;
				LD_RUNPATH_SEARCH_PATHS = "$(inherited) @executable_path/Frameworks @loader_path/Frameworks";
				PRODUCT_NAME = "$(TARGET_NAME)";
				TEST_HOST = "$(BUILT_PRODUCTS_DIR)/Athkar.app/Athkar";
			};
			name = Debug;
		};
		3D8776911B3D750C00784F27 /* Release */ = {
			isa = XCBuildConfiguration;
			buildSettings = {
				BUNDLE_LOADER = "$(TEST_HOST)";
				FRAMEWORK_SEARCH_PATHS = (
					"$(SDKROOT)/Developer/Library/Frameworks",
					"$(inherited)",
				);
				INFOPLIST_FILE = AthkarTests/Info.plist;
				LD_RUNPATH_SEARCH_PATHS = "$(inherited) @executable_path/Frameworks @loader_path/Frameworks";
				PRODUCT_NAME = "$(TARGET_NAME)";
				TEST_HOST = "$(BUILT_PRODUCTS_DIR)/Athkar.app/Athkar";
			};
			name = Release;
		};
/* End XCBuildConfiguration section */

/* Begin XCConfigurationList section */
		3D8776681B3D750B00784F27 /* Build configuration list for PBXProject "Athkar" */ = {
			isa = XCConfigurationList;
			buildConfigurations = (
				3D87768A1B3D750C00784F27 /* Debug */,
				3D87768B1B3D750C00784F27 /* Release */,
			);
			defaultConfigurationIsVisible = 0;
			defaultConfigurationName = Release;
		};
		3D87768C1B3D750C00784F27 /* Build configuration list for PBXNativeTarget "Athkar" */ = {
			isa = XCConfigurationList;
			buildConfigurations = (
				3D87768D1B3D750C00784F27 /* Debug */,
				3D87768E1B3D750C00784F27 /* Release */,
			);
			defaultConfigurationIsVisible = 0;
			defaultConfigurationName = Release;
		};
		3D87768F1B3D750C00784F27 /* Build configuration list for PBXNativeTarget "AthkarTests" */ = {
			isa = XCConfigurationList;
			buildConfigurations = (
				3D8776901B3D750C00784F27 /* Debug */,
				3D8776911B3D750C00784F27 /* Release */,
			);
			defaultConfigurationIsVisible = 0;
			defaultConfigurationName = Release;
		};
/* End XCConfigurationList section */
	};
	rootObject = 3D8776651B3D750B00784F27 /* Project object */;
}
